
Microsoft Visual Studio Solution File, Format Version 12.00
# Visual Studio Version 16
VisualStudioVersion = 16.0.31112.23
MinimumVisualStudioVersion = 10.0.40219.1
Project("{FAE04EC0-301F-11D3-BF4B-00C04F79EFBC}") = "RoomDetails", "RoomDetails\RoomDetails.csproj", "{1E825CB8-684C-4E41-8368-CA612A102B48}"
EndProject
Global
	GlobalSection(SolutionConfigurationPlatforms) = preSolution
		Debug|Any CPU = Debug|Any CPU
		Release|Any CPU = Release|Any CPU
	EndGlobalSection
	GlobalSection(ProjectConfigurationPlatforms) = postSolution
		{1E825CB8-684C-4E41-8368-CA612A102B48}.Debug|Any CPU.ActiveCfg = Debug|Any CPU
		{1E825CB8-684C-4E41-8368-CA612A102B48}.Debug|Any CPU.Build.0 = Debug|Any CPU
		{1E825CB8-684C-4E41-8368-CA612A102B48}.Release|Any CPU.ActiveCfg = Release|Any CPU
		{1E825CB8-684C-4E41-8368-CA612A102B48}.Release|Any CPU.Build.0 = Release|Any CPU
	EndGlobalSection
	GlobalSection(SolutionProperties) = preSolution
		HideSolutionNode = FALSE
	EndGlobalSection
	GlobalSection(ExtensibilityGlobals) = postSolution
		SolutionGuid = {000CE9E3-5EB9-43B0-9DF2-34DADECEDEAA}
	EndGlobalSection
EndGlobal
